
Microsoft Visual Studio Solution File, Format Version 12.00
# Visual Studio 2013
VisualStudioVersion = 12.0.31101.0
MinimumVisualStudioVersion = 10.0.40219.1
Project("{FAE04EC0-301F-11D3-BF4B-00C04F79EFBC}") = "Gem", "Gem\Gem.csproj", "{2784D0E3-736D-4BCA-8536-EEA8834E6ED9}"
EndProject
Project("{FAE04EC0-301F-11D3-BF4B-00C04F79EFBC}") = "Gem.Network", "Gem.Network\Gem.Network.csproj", "{3DAC3EA3-2910-4453-B0C6-3F5011251FA3}"
EndProject
Project("{FAE04EC0-301F-11D3-BF4B-00C04F79EFBC}") = "Gem.Network.Example", "Gem.Network.Test\Gem.Network.Example.csproj", "{02BCD6A3-23C5-4C32-BB1D-3071D8F55E1C}"
EndProject
Project("{FAE04EC0-301F-11D3-BF4B-00C04F79EFBC}") = "Gem.Network.Tests", "Gem.Network.Tests\Gem.Network.Tests.csproj", "{E83893E0-5BC0-4C8A-876A-E1F1E526432A}"
EndProject
Project("{2150E333-8FDC-42A3-9474-1A3956D46DE8}") = "Gem.Engine", "Gem.Engine", "{479BCF5C-B1BF-4480-ABDE-40F4E42722A5}"
EndProject
Project("{2150E333-8FDC-42A3-9474-1A3956D46DE8}") = "Gem.Tests", "Gem.Tests", "{7D9867F2-E0A0-4ADE-99F9-43CEF3C4816E}"
EndProject
Global
	GlobalSection(SolutionConfigurationPlatforms) = preSolution
		Debug|Any CPU = Debug|Any CPU
		Debug|Mixed Platforms = Debug|Mixed Platforms
		Debug|x86 = Debug|x86
		Release|Any CPU = Release|Any CPU
		Release|Mixed Platforms = Release|Mixed Platforms
		Release|x86 = Release|x86
	EndGlobalSection
	GlobalSection(ProjectConfigurationPlatforms) = postSolution
		{2784D0E3-736D-4BCA-8536-EEA8834E6ED9}.Debug|Any CPU.ActiveCfg = Debug|x86
		{2784D0E3-736D-4BCA-8536-EEA8834E6ED9}.Debug|Mixed Platforms.ActiveCfg = Debug|x86
		{2784D0E3-736D-4BCA-8536-EEA8834E6ED9}.Debug|Mixed Platforms.Build.0 = Debug|x86
		{2784D0E3-736D-4BCA-8536-EEA8834E6ED9}.Debug|x86.ActiveCfg = Debug|x86
		{2784D0E3-736D-4BCA-8536-EEA8834E6ED9}.Debug|x86.Build.0 = Debug|x86
		{2784D0E3-736D-4BCA-8536-EEA8834E6ED9}.Release|Any CPU.ActiveCfg = Release|x86
		{2784D0E3-736D-4BCA-8536-EEA8834E6ED9}.Release|Mixed Platforms.ActiveCfg = Release|x86
		{2784D0E3-736D-4BCA-8536-EEA8834E6ED9}.Release|Mixed Platforms.Build.0 = Release|x86
		{2784D0E3-736D-4BCA-8536-EEA8834E6ED9}.Release|x86.ActiveCfg = Release|x86
		{2784D0E3-736D-4BCA-8536-EEA8834E6ED9}.Release|x86.Build.0 = Release|x86
		{3DAC3EA3-2910-4453-B0C6-3F5011251FA3}.Debug|Any CPU.ActiveCfg = Debug|Any CPU
		{3DAC3EA3-2910-4453-B0C6-3F5011251FA3}.Debug|Any CPU.Build.0 = Debug|Any CPU
		{3DAC3EA3-2910-4453-B0C6-3F5011251FA3}.Debug|Mixed Platforms.ActiveCfg = Debug|Any CPU
		{3DAC3EA3-2910-4453-B0C6-3F5011251FA3}.Debug|Mixed Platforms.Build.0 = Debug|Any CPU
		{3DAC3EA3-2910-4453-B0C6-3F5011251FA3}.Debug|x86.ActiveCfg = Debug|Any CPU
		{3DAC3EA3-2910-4453-B0C6-3F5011251FA3}.Release|Any CPU.ActiveCfg = Release|Any CPU
		{3DAC3EA3-2910-4453-B0C6-3F5011251FA3}.Release|Any CPU.Build.0 = Release|Any CPU
		{3DAC3EA3-2910-4453-B0C6-3F5011251FA3}.Release|Mixed Platforms.ActiveCfg = Release|Any CPU
		{3DAC3EA3-2910-4453-B0C6-3F5011251FA3}.Release|Mixed Platforms.Build.0 = Release|Any CPU
		{3DAC3EA3-2910-4453-B0C6-3F5011251FA3}.Release|x86.ActiveCfg = Release|Any CPU
		{02BCD6A3-23C5-4C32-BB1D-3071D8F55E1C}.Debug|Any CPU.ActiveCfg = Debug|Any CPU
		{02BCD6A3-23C5-4C32-BB1D-3071D8F55E1C}.Debug|Any CPU.Build.0 = Debug|Any CPU
		{02BCD6A3-23C5-4C32-BB1D-3071D8F55E1C}.Debug|Mixed Platforms.ActiveCfg = Debug|Any CPU
		{02BCD6A3-23C5-4C32-BB1D-3071D8F55E1C}.Debug|Mixed Platforms.Build.0 = Debug|Any CPU
		{02BCD6A3-23C5-4C32-BB1D-3071D8F55E1C}.Debug|x86.ActiveCfg = Debug|Any CPU
		{02BCD6A3-23C5-4C32-BB1D-3071D8F55E1C}.Release|Any CPU.ActiveCfg = Release|Any CPU
		{02BCD6A3-23C5-4C32-BB1D-3071D8F55E1C}.Release|Any CPU.Build.0 = Release|Any CPU
		{02BCD6A3-23C5-4C32-BB1D-3071D8F55E1C}.Release|Mixed Platforms.ActiveCfg = Release|Any CPU
		{02BCD6A3-23C5-4C32-BB1D-3071D8F55E1C}.Release|Mixed Platforms.Build.0 = Release|Any CPU
		{02BCD6A3-23C5-4C32-BB1D-3071D8F55E1C}.Release|x86.ActiveCfg = Release|Any CPU
		{E83893E0-5BC0-4C8A-876A-E1F1E526432A}.Debug|Any CPU.ActiveCfg = Debug|Any CPU
		{E83893E0-5BC0-4C8A-876A-E1F1E526432A}.Debug|Any CPU.Build.0 = Debug|Any CPU
		{E83893E0-5BC0-4C8A-876A-E1F1E526432A}.Debug|Mixed Platforms.ActiveCfg = Debug|Any CPU
		{E83893E0-5BC0-4C8A-876A-E1F1E526432A}.Debug|Mixed Platforms.Build.0 = Debug|Any CPU
		{E83893E0-5BC0-4C8A-876A-E1F1E526432A}.Debug|x86.ActiveCfg = Debug|Any CPU
		{E83893E0-5BC0-4C8A-876A-E1F1E526432A}.Release|Any CPU.ActiveCfg = Release|Any CPU
		{E83893E0-5BC0-4C8A-876A-E1F1E526432A}.Release|Any CPU.Build.0 = Release|Any CPU
		{E83893E0-5BC0-4C8A-876A-E1F1E526432A}.Release|Mixed Platforms.ActiveCfg = Release|Any CPU
		{E83893E0-5BC0-4C8A-876A-E1F1E526432A}.Release|Mixed Platforms.Build.0 = Release|Any CPU
		{E83893E0-5BC0-4C8A-876A-E1F1E526432A}.Release|x86.ActiveCfg = Release|Any CPU
	EndGlobalSection
	GlobalSection(SolutionProperties) = preSolution
		HideSolutionNode = FALSE
	EndGlobalSection
	GlobalSection(NestedProjects) = preSolution
		{2784D0E3-736D-4BCA-8536-EEA8834E6ED9} = {479BCF5C-B1BF-4480-ABDE-40F4E42722A5}
		{3DAC3EA3-2910-4453-B0C6-3F5011251FA3} = {479BCF5C-B1BF-4480-ABDE-40F4E42722A5}
		{02BCD6A3-23C5-4C32-BB1D-3071D8F55E1C} = {7D9867F2-E0A0-4ADE-99F9-43CEF3C4816E}
		{E83893E0-5BC0-4C8A-876A-E1F1E526432A} = {7D9867F2-E0A0-4ADE-99F9-43CEF3C4816E}
	EndGlobalSection
EndGlobal
