
Microsoft Visual Studio Solution File, Format Version 12.00
# Visual Studio 2013
VisualStudioVersion = 12.0.31101.0
MinimumVisualStudioVersion = 10.0.40219.1
Project("{FAE04EC0-301F-11D3-BF4B-00C04F79EFBC}") = "Gem", "Gem\Gem.csproj", "{2784D0E3-736D-4BCA-8536-EEA8834E6ED9}"
EndProject
Project("{FAE04EC0-301F-11D3-BF4B-00C04F79EFBC}") = "Gem.Network", "Gem.Network\Gem.Network.csproj", "{3DAC3EA3-2910-4453-B0C6-3F5011251FA3}"
EndProject
Project("{FAE04EC0-301F-11D3-BF4B-00C04F79EFBC}") = "Gem.Network.Tests", "Gem.Network.Tests\Gem.Network.Tests.csproj", "{E83893E0-5BC0-4C8A-876A-E1F1E526432A}"
EndProject
Project("{2150E333-8FDC-42A3-9474-1A3956D46DE8}") = "Gem.Engine", "Gem.Engine", "{479BCF5C-B1BF-4480-ABDE-40F4E42722A5}"
EndProject
Project("{2150E333-8FDC-42A3-9474-1A3956D46DE8}") = "Gem.Tests", "Gem.Tests", "{7D9867F2-E0A0-4ADE-99F9-43CEF3C4816E}"
EndProject
Project("{FAE04EC0-301F-11D3-BF4B-00C04F79EFBC}") = "Gem.Network.TestHelper", "Gem.Network.Example\Gem.Network.TestHelper.csproj", "{CA391A93-F890-481D-84F7-6D7D1A59AB43}"
EndProject
Project("{2150E333-8FDC-42A3-9474-1A3956D46DE8}") = "Examples", "Examples", "{84AE5719-A57A-4438-A051-43AA5A041CEE}"
EndProject
Project("{FAE04EC0-301F-11D3-BF4B-00C04F79EFBC}") = "Gem.Network.Chat.Client", "Gem.Network.Chat.Client\Gem.Network.Chat.Client.csproj", "{00E67143-1670-411A-BB37-5A21AB672D19}"
EndProject
Project("{FAE04EC0-301F-11D3-BF4B-00C04F79EFBC}") = "Gem.Network.Chat.Server", "Gem.Network.Chat.Server\Gem.Network.Chat.Server.csproj", "{0218CECB-45A0-4B88-85D9-5D6925408943}"
EndProject
Project("{FAE04EC0-301F-11D3-BF4B-00C04F79EFBC}") = "Gem.Network.Shooter.Client", "Gem.Network.Shooter.Client\Gem.Network.Shooter.Client.csproj", "{A5534FDA-4EF3-4F72-8AB0-72AC76CDB592}"
EndProject
Project("{FAE04EC0-301F-11D3-BF4B-00C04F79EFBC}") = "Gem.Network.Shooter.Server", "Gem.Network.Shooter.Server\Gem.Network.Shooter.Server.csproj", "{6A70A449-F0B8-4200-88D3-D9206D764E60}"
EndProject
Global
	GlobalSection(SolutionConfigurationPlatforms) = preSolution
		Debug|Any CPU = Debug|Any CPU
		Debug|Mixed Platforms = Debug|Mixed Platforms
		Debug|x86 = Debug|x86
		Release|Any CPU = Release|Any CPU
		Release|Mixed Platforms = Release|Mixed Platforms
		Release|x86 = Release|x86
	EndGlobalSection
	GlobalSection(ProjectConfigurationPlatforms) = postSolution
		{2784D0E3-736D-4BCA-8536-EEA8834E6ED9}.Debug|Any CPU.ActiveCfg = Debug|x86
		{2784D0E3-736D-4BCA-8536-EEA8834E6ED9}.Debug|Mixed Platforms.ActiveCfg = Debug|x86
		{2784D0E3-736D-4BCA-8536-EEA8834E6ED9}.Debug|Mixed Platforms.Build.0 = Debug|x86
		{2784D0E3-736D-4BCA-8536-EEA8834E6ED9}.Debug|x86.ActiveCfg = Debug|x86
		{2784D0E3-736D-4BCA-8536-EEA8834E6ED9}.Debug|x86.Build.0 = Debug|x86
		{2784D0E3-736D-4BCA-8536-EEA8834E6ED9}.Release|Any CPU.ActiveCfg = Release|x86
		{2784D0E3-736D-4BCA-8536-EEA8834E6ED9}.Release|Mixed Platforms.ActiveCfg = Release|x86
		{2784D0E3-736D-4BCA-8536-EEA8834E6ED9}.Release|Mixed Platforms.Build.0 = Release|x86
		{2784D0E3-736D-4BCA-8536-EEA8834E6ED9}.Release|x86.ActiveCfg = Release|x86
		{2784D0E3-736D-4BCA-8536-EEA8834E6ED9}.Release|x86.Build.0 = Release|x86
		{3DAC3EA3-2910-4453-B0C6-3F5011251FA3}.Debug|Any CPU.ActiveCfg = Debug|Any CPU
		{3DAC3EA3-2910-4453-B0C6-3F5011251FA3}.Debug|Any CPU.Build.0 = Debug|Any CPU
		{3DAC3EA3-2910-4453-B0C6-3F5011251FA3}.Debug|Mixed Platforms.ActiveCfg = Debug|Any CPU
		{3DAC3EA3-2910-4453-B0C6-3F5011251FA3}.Debug|Mixed Platforms.Build.0 = Debug|Any CPU
		{3DAC3EA3-2910-4453-B0C6-3F5011251FA3}.Debug|x86.ActiveCfg = Debug|Any CPU
		{3DAC3EA3-2910-4453-B0C6-3F5011251FA3}.Release|Any CPU.ActiveCfg = Release|Any CPU
		{3DAC3EA3-2910-4453-B0C6-3F5011251FA3}.Release|Any CPU.Build.0 = Release|Any CPU
		{3DAC3EA3-2910-4453-B0C6-3F5011251FA3}.Release|Mixed Platforms.ActiveCfg = Release|Any CPU
		{3DAC3EA3-2910-4453-B0C6-3F5011251FA3}.Release|Mixed Platforms.Build.0 = Release|Any CPU
		{3DAC3EA3-2910-4453-B0C6-3F5011251FA3}.Release|x86.ActiveCfg = Release|Any CPU
		{E83893E0-5BC0-4C8A-876A-E1F1E526432A}.Debug|Any CPU.ActiveCfg = Debug|Any CPU
		{E83893E0-5BC0-4C8A-876A-E1F1E526432A}.Debug|Any CPU.Build.0 = Debug|Any CPU
		{E83893E0-5BC0-4C8A-876A-E1F1E526432A}.Debug|Mixed Platforms.ActiveCfg = Debug|Any CPU
		{E83893E0-5BC0-4C8A-876A-E1F1E526432A}.Debug|Mixed Platforms.Build.0 = Debug|Any CPU
		{E83893E0-5BC0-4C8A-876A-E1F1E526432A}.Debug|x86.ActiveCfg = Debug|Any CPU
		{E83893E0-5BC0-4C8A-876A-E1F1E526432A}.Release|Any CPU.ActiveCfg = Release|Any CPU
		{E83893E0-5BC0-4C8A-876A-E1F1E526432A}.Release|Any CPU.Build.0 = Release|Any CPU
		{E83893E0-5BC0-4C8A-876A-E1F1E526432A}.Release|Mixed Platforms.ActiveCfg = Release|Any CPU
		{E83893E0-5BC0-4C8A-876A-E1F1E526432A}.Release|Mixed Platforms.Build.0 = Release|Any CPU
		{E83893E0-5BC0-4C8A-876A-E1F1E526432A}.Release|x86.ActiveCfg = Release|Any CPU
		{CA391A93-F890-481D-84F7-6D7D1A59AB43}.Debug|Any CPU.ActiveCfg = Debug|Any CPU
		{CA391A93-F890-481D-84F7-6D7D1A59AB43}.Debug|Any CPU.Build.0 = Debug|Any CPU
		{CA391A93-F890-481D-84F7-6D7D1A59AB43}.Debug|Mixed Platforms.ActiveCfg = Debug|Any CPU
		{CA391A93-F890-481D-84F7-6D7D1A59AB43}.Debug|Mixed Platforms.Build.0 = Debug|Any CPU
		{CA391A93-F890-481D-84F7-6D7D1A59AB43}.Debug|x86.ActiveCfg = Debug|Any CPU
		{CA391A93-F890-481D-84F7-6D7D1A59AB43}.Release|Any CPU.ActiveCfg = Release|Any CPU
		{CA391A93-F890-481D-84F7-6D7D1A59AB43}.Release|Any CPU.Build.0 = Release|Any CPU
		{CA391A93-F890-481D-84F7-6D7D1A59AB43}.Release|Mixed Platforms.ActiveCfg = Release|Any CPU
		{CA391A93-F890-481D-84F7-6D7D1A59AB43}.Release|Mixed Platforms.Build.0 = Release|Any CPU
		{CA391A93-F890-481D-84F7-6D7D1A59AB43}.Release|x86.ActiveCfg = Release|Any CPU
		{00E67143-1670-411A-BB37-5A21AB672D19}.Debug|Any CPU.ActiveCfg = Debug|Any CPU
		{00E67143-1670-411A-BB37-5A21AB672D19}.Debug|Any CPU.Build.0 = Debug|Any CPU
		{00E67143-1670-411A-BB37-5A21AB672D19}.Debug|Mixed Platforms.ActiveCfg = Debug|Any CPU
		{00E67143-1670-411A-BB37-5A21AB672D19}.Debug|Mixed Platforms.Build.0 = Debug|Any CPU
		{00E67143-1670-411A-BB37-5A21AB672D19}.Debug|x86.ActiveCfg = Debug|Any CPU
		{00E67143-1670-411A-BB37-5A21AB672D19}.Release|Any CPU.ActiveCfg = Release|Any CPU
		{00E67143-1670-411A-BB37-5A21AB672D19}.Release|Any CPU.Build.0 = Release|Any CPU
		{00E67143-1670-411A-BB37-5A21AB672D19}.Release|Mixed Platforms.ActiveCfg = Release|Any CPU
		{00E67143-1670-411A-BB37-5A21AB672D19}.Release|Mixed Platforms.Build.0 = Release|Any CPU
		{00E67143-1670-411A-BB37-5A21AB672D19}.Release|x86.ActiveCfg = Release|Any CPU
		{0218CECB-45A0-4B88-85D9-5D6925408943}.Debug|Any CPU.ActiveCfg = Debug|Any CPU
		{0218CECB-45A0-4B88-85D9-5D6925408943}.Debug|Any CPU.Build.0 = Debug|Any CPU
		{0218CECB-45A0-4B88-85D9-5D6925408943}.Debug|Mixed Platforms.ActiveCfg = Debug|Any CPU
		{0218CECB-45A0-4B88-85D9-5D6925408943}.Debug|Mixed Platforms.Build.0 = Debug|Any CPU
		{0218CECB-45A0-4B88-85D9-5D6925408943}.Debug|x86.ActiveCfg = Debug|Any CPU
		{0218CECB-45A0-4B88-85D9-5D6925408943}.Release|Any CPU.ActiveCfg = Release|Any CPU
		{0218CECB-45A0-4B88-85D9-5D6925408943}.Release|Any CPU.Build.0 = Release|Any CPU
		{0218CECB-45A0-4B88-85D9-5D6925408943}.Release|Mixed Platforms.ActiveCfg = Release|Any CPU
		{0218CECB-45A0-4B88-85D9-5D6925408943}.Release|Mixed Platforms.Build.0 = Release|Any CPU
		{0218CECB-45A0-4B88-85D9-5D6925408943}.Release|x86.ActiveCfg = Release|Any CPU
		{A5534FDA-4EF3-4F72-8AB0-72AC76CDB592}.Debug|Any CPU.ActiveCfg = Debug|x86
		{A5534FDA-4EF3-4F72-8AB0-72AC76CDB592}.Debug|Mixed Platforms.ActiveCfg = Debug|x86
		{A5534FDA-4EF3-4F72-8AB0-72AC76CDB592}.Debug|Mixed Platforms.Build.0 = Debug|x86
		{A5534FDA-4EF3-4F72-8AB0-72AC76CDB592}.Debug|x86.ActiveCfg = Debug|x86
		{A5534FDA-4EF3-4F72-8AB0-72AC76CDB592}.Debug|x86.Build.0 = Debug|x86
		{A5534FDA-4EF3-4F72-8AB0-72AC76CDB592}.Release|Any CPU.ActiveCfg = Release|x86
		{A5534FDA-4EF3-4F72-8AB0-72AC76CDB592}.Release|Mixed Platforms.ActiveCfg = Release|x86
		{A5534FDA-4EF3-4F72-8AB0-72AC76CDB592}.Release|Mixed Platforms.Build.0 = Release|x86
		{A5534FDA-4EF3-4F72-8AB0-72AC76CDB592}.Release|x86.ActiveCfg = Release|x86
		{A5534FDA-4EF3-4F72-8AB0-72AC76CDB592}.Release|x86.Build.0 = Release|x86
		{6A70A449-F0B8-4200-88D3-D9206D764E60}.Debug|Any CPU.ActiveCfg = Debug|Any CPU
		{6A70A449-F0B8-4200-88D3-D9206D764E60}.Debug|Any CPU.Build.0 = Debug|Any CPU
		{6A70A449-F0B8-4200-88D3-D9206D764E60}.Debug|Mixed Platforms.ActiveCfg = Debug|Any CPU
		{6A70A449-F0B8-4200-88D3-D9206D764E60}.Debug|Mixed Platforms.Build.0 = Debug|Any CPU
		{6A70A449-F0B8-4200-88D3-D9206D764E60}.Debug|x86.ActiveCfg = Debug|Any CPU
		{6A70A449-F0B8-4200-88D3-D9206D764E60}.Release|Any CPU.ActiveCfg = Release|Any CPU
		{6A70A449-F0B8-4200-88D3-D9206D764E60}.Release|Any CPU.Build.0 = Release|Any CPU
		{6A70A449-F0B8-4200-88D3-D9206D764E60}.Release|Mixed Platforms.ActiveCfg = Release|Any CPU
		{6A70A449-F0B8-4200-88D3-D9206D764E60}.Release|Mixed Platforms.Build.0 = Release|Any CPU
		{6A70A449-F0B8-4200-88D3-D9206D764E60}.Release|x86.ActiveCfg = Release|Any CPU
	EndGlobalSection
	GlobalSection(SolutionProperties) = preSolution
		HideSolutionNode = FALSE
	EndGlobalSection
	GlobalSection(NestedProjects) = preSolution
		{2784D0E3-736D-4BCA-8536-EEA8834E6ED9} = {479BCF5C-B1BF-4480-ABDE-40F4E42722A5}
		{3DAC3EA3-2910-4453-B0C6-3F5011251FA3} = {479BCF5C-B1BF-4480-ABDE-40F4E42722A5}
		{E83893E0-5BC0-4C8A-876A-E1F1E526432A} = {7D9867F2-E0A0-4ADE-99F9-43CEF3C4816E}
		{CA391A93-F890-481D-84F7-6D7D1A59AB43} = {7D9867F2-E0A0-4ADE-99F9-43CEF3C4816E}
		{00E67143-1670-411A-BB37-5A21AB672D19} = {84AE5719-A57A-4438-A051-43AA5A041CEE}
		{0218CECB-45A0-4B88-85D9-5D6925408943} = {84AE5719-A57A-4438-A051-43AA5A041CEE}
		{A5534FDA-4EF3-4F72-8AB0-72AC76CDB592} = {84AE5719-A57A-4438-A051-43AA5A041CEE}
		{6A70A449-F0B8-4200-88D3-D9206D764E60} = {84AE5719-A57A-4438-A051-43AA5A041CEE}
	EndGlobalSection
EndGlobal
